
Microsoft Visual Studio Solution File, Format Version 12.00
# Visual Studio Version 17
VisualStudioVersion = 17.6.33723.286
MinimumVisualStudioVersion = 10.0.40219.1
Project("{FAE04EC0-301F-11D3-BF4B-00C04F79EFBC}") = "FFCopier", "FFCopier\FFCopier.csproj", "{657E3B78-5208-443D-B8CD-EE2462612CF6}"
EndProject
Global
	GlobalSection(SolutionConfigurationPlatforms) = preSolution
		Debug|Any CPU = Debug|Any CPU
		Release|Any CPU = Release|Any CPU
	EndGlobalSection
	GlobalSection(ProjectConfigurationPlatforms) = postSolution
		{657E3B78-5208-443D-B8CD-EE2462612CF6}.Debug|Any CPU.ActiveCfg = Debug|Any CPU
		{657E3B78-5208-443D-B8CD-EE2462612CF6}.Debug|Any CPU.Build.0 = Debug|Any CPU
		{657E3B78-5208-443D-B8CD-EE2462612CF6}.Release|Any CPU.ActiveCfg = Release|Any CPU
		{657E3B78-5208-443D-B8CD-EE2462612CF6}.Release|Any CPU.Build.0 = Release|Any CPU
	EndGlobalSection
	GlobalSection(SolutionProperties) = preSolution
		HideSolutionNode = FALSE
	EndGlobalSection
	GlobalSection(ExtensibilityGlobals) = postSolution
		SolutionGuid = {BFBCB5B4-E84B-4EE2-89B3-FF79CB07A30B}
	EndGlobalSection
EndGlobal
